<?xml version="1.0" encoding="utf-8"?>
<Project ToolsVersion="4.0" xmlns="http://schemas.microsoft.com/developer/msbuild/2003">
  <ItemGroup>
    <Filter Include="External">
      <UniqueIdentifier>{67DA6AB6-F800-4c08-8B7A-83BB121AAD01}</UniqueIdentifier>
      <Extensions>rc;ico;cur;bmp;dlg;rc2;rct;bin;rgs;gif;jpg;jpeg;jpe;resx;tiff;tif;png;wav;mfcribbon-ms</Extensions>
    </Filter>
    <Filter Include="Source">
      <UniqueIdentifier>{4FC737F1-C7A5-4376-A066-2A32D752A2FF}</UniqueIdentifier>
      <Extensions>cpp;c;cc;cxx;def;odl;idl;hpj;bat;asm;asmx</Extensions>
    </Filter>
    <Filter Include="HLSL">
      <UniqueIdentifier>{9f64f4ff-d9e0-43d7-88e1-13e6d3656a89}</UniqueIdentifier>
      <Extensions>hlsl;hlsli</Extensions>
    </Filter>
    <Filter Include="External\imgui">
      <UniqueIdentifier>{c85446c9-90d2-4441-add5-5aac511d95ce}</UniqueIdentifier>
    </Filter>
    <Filter Include="External\DirectXTex">
      <UniqueIdentifier>{8dd0c8ba-1f1c-4648-8a04-c28bb5a1c75a}</UniqueIdentifier>
    </Filter>
    <Filter Include="Source\Input">
      <UniqueIdentifier>{1922815d-5a70-4f38-9fbd-fb6e72c44df0}</UniqueIdentifier>
    </Filter>
    <Filter Include="Source\Graphics">
      <UniqueIdentifier>{2ac7cb79-cb10-43d1-856f-e51f0f698e73}</UniqueIdentifier>
    </Filter>
    <Filter Include="Source\Audio">
      <UniqueIdentifier>{dfdec87c-66e2-424a-8126-477d89e5eb73}</UniqueIdentifier>
    </Filter>
    <Filter Include="Source\Inspector">
      <UniqueIdentifier>{50a4712f-dc32-4547-b7d7-90bcd724d2a6}</UniqueIdentifier>
    </Filter>
    <Filter Include="External\imgui\ImGuizmo">
      <UniqueIdentifier>{04e005ee-761f-4d9b-92ae-2128cfa8fcd9}</UniqueIdentifier>
    </Filter>
    <Filter Include="Source\GameSource">
      <UniqueIdentifier>{6bb43bfe-b5c3-4142-9359-7f09694348c6}</UniqueIdentifier>
    </Filter>
    <Filter Include="Source\GameSource\Stage">
      <UniqueIdentifier>{96c3a4fc-1af8-481f-939a-c8b9d4eb41fc}</UniqueIdentifier>
    </Filter>
    <Filter Include="Source\GameSource\Render">
      <UniqueIdentifier>{249be597-005d-4f1f-806b-9e5868c62071}</UniqueIdentifier>
    </Filter>
    <Filter Include="Source\GameSource\Scene">
      <UniqueIdentifier>{67db99e1-480b-4686-9d76-ae9159b1f8d3}</UniqueIdentifier>
    </Filter>
    <Filter Include="Source\GameSource\Camera">
      <UniqueIdentifier>{5695e997-1ab3-469c-b966-d9d28882c270}</UniqueIdentifier>
    </Filter>
    <Filter Include="Source\GameSource\Math">
      <UniqueIdentifier>{edc6e4d3-4207-471f-bd35-12f1e1f8b1fd}</UniqueIdentifier>
    </Filter>
    <Filter Include="Source\GameSource\Character">
      <UniqueIdentifier>{b16e195f-91a8-4955-a626-a080f3766678}</UniqueIdentifier>
    </Filter>
    <Filter Include="Source\ModelAnimation">
      <UniqueIdentifier>{0c3652d0-01f2-45be-9ad7-9ad9a23a5a62}</UniqueIdentifier>
    </Filter>
    <Filter Include="External\imguiDocking">
      <UniqueIdentifier>{5ed599fa-0a44-4e55-af4b-b67cc9fa0da4}</UniqueIdentifier>
    </Filter>
    <Filter Include="HLSL\compute">
      <UniqueIdentifier>{8b13efcb-f8ac-45de-b14c-88b027c5ac26}</UniqueIdentifier>
    </Filter>
    <Filter Include="Source\Graphics\compute">
      <UniqueIdentifier>{2eb9c992-bbe5-48b3-a084-0c801d354071}</UniqueIdentifier>
    </Filter>
    <Filter Include="Source\GameSource\Render\Effect">
      <UniqueIdentifier>{4eb406ab-5637-49e6-9f17-c44c0b3bab16}</UniqueIdentifier>
    </Filter>
    <Filter Include="Source\GameSource\Character\Weapon">
      <UniqueIdentifier>{870dc27d-9a0a-4362-9b5c-291146b538d2}</UniqueIdentifier>
    </Filter>
  </ItemGroup>
  <ItemGroup>
    <ClInclude Include="External\DirectXTex\WICTextureLoader.h">
      <Filter>External\DirectXTex</Filter>
    </ClInclude>
    <ClInclude Include="Source\Input\GamePad.h">
      <Filter>Source\Input</Filter>
    </ClInclude>
    <ClInclude Include="Source\Graphics\DebugRenderer.h">
      <Filter>Source\Graphics</Filter>
    </ClInclude>
    <ClInclude Include="Source\Graphics\Graphics.h">
      <Filter>Source\Graphics</Filter>
    </ClInclude>
    <ClInclude Include="Source\Graphics\LambertShader.h">
      <Filter>Source\Graphics</Filter>
    </ClInclude>
    <ClInclude Include="Source\Graphics\Model.h">
      <Filter>Source\Graphics</Filter>
    </ClInclude>
    <ClInclude Include="Source\Graphics\ModelResource.h">
      <Filter>Source\Graphics</Filter>
    </ClInclude>
    <ClInclude Include="Source\Graphics\Shader.h">
      <Filter>Source\Graphics</Filter>
    </ClInclude>
    <ClInclude Include="Source\Input\Input.h">
      <Filter>Source\Input</Filter>
    </ClInclude>
    <ClInclude Include="Source\Graphics\RenderContext.h">
      <Filter>Source\Graphics</Filter>
    </ClInclude>
    <ClInclude Include="Source\Graphics\LineRenderer.h">
      <Filter>Source\Graphics</Filter>
    </ClInclude>
    <ClInclude Include="Source\Graphics\Sprite.h">
      <Filter>Source\Graphics</Filter>
    </ClInclude>
    <ClInclude Include="Source\Audio\Audio.h">
      <Filter>Source\Audio</Filter>
    </ClInclude>
    <ClInclude Include="Source\Audio\AudioResource.h">
      <Filter>Source\Audio</Filter>
    </ClInclude>
    <ClInclude Include="Source\Audio\AudioSource.h">
      <Filter>Source\Audio</Filter>
    </ClInclude>
    <ClInclude Include="Source\Input\Mouse.h">
      <Filter>Source\Input</Filter>
    </ClInclude>
    <ClInclude Include="Source\Graphics\FbxModelResource.h">
      <Filter>Source\Graphics</Filter>
    </ClInclude>
    <ClInclude Include="Source\Graphics\Encoding.h">
      <Filter>Source\Graphics</Filter>
    </ClInclude>
    <ClInclude Include="Source\Inspector\Inspector.h">
      <Filter>Source\Inspector</Filter>
    </ClInclude>
    <ClInclude Include="Source\Inspector\SubWindowManager.h">
      <Filter>Source\Inspector</Filter>
    </ClInclude>
    <ClInclude Include="Source\GameSource\Math\Collision.h">
      <Filter>Source\GameSource\Math</Filter>
    </ClInclude>
    <ClInclude Include="Source\GameSource\Math\Mathf.h">
      <Filter>Source\GameSource\Math</Filter>
    </ClInclude>
    <ClInclude Include="Source\GameSource\Scene\SceneGame.h">
      <Filter>Source\GameSource\Scene</Filter>
    </ClInclude>
    <ClInclude Include="Source\GameSource\Scene\SceneLoading.h">
      <Filter>Source\GameSource\Scene</Filter>
    </ClInclude>
    <ClInclude Include="Source\GameSource\Scene\SceneManager.h">
      <Filter>Source\GameSource\Scene</Filter>
    </ClInclude>
    <ClInclude Include="Source\GameSource\Scene\SceneTitle.h">
      <Filter>Source\GameSource\Scene</Filter>
    </ClInclude>
    <ClInclude Include="Source\GameSource\Character\Character.h">
      <Filter>Source\GameSource\Character</Filter>
    </ClInclude>
    <ClInclude Include="Source\GameSource\Render\ResourceManager.h">
      <Filter>Source\GameSource\Render</Filter>
    </ClInclude>
    <ClInclude Include="Source\GameSource\Stage\Stage.h">
      <Filter>Source\GameSource\Stage</Filter>
    </ClInclude>
    <ClInclude Include="Source\GameSource\Stage\StageMain.h">
      <Filter>Source\GameSource\Stage</Filter>
    </ClInclude>
    <ClInclude Include="Source\GameSource\Stage\StageManager.h">
      <Filter>Source\GameSource\Stage</Filter>
    </ClInclude>
    <ClInclude Include="Source\GameSource\Scene\Scene.h">
      <Filter>Source\GameSource\Scene</Filter>
    </ClInclude>
    <ClInclude Include="Source\GameSource\Render\Effect\Effect.h">
      <Filter>Source\GameSource\Render\Effect</Filter>
    </ClInclude>
    <ClInclude Include="Source\GameSource\Render\Effect\EffectManager.h">
      <Filter>Source\GameSource\Render\Effect</Filter>
    </ClInclude>
    <ClInclude Include="Source\Framework.h">
      <Filter>Source\GameSource</Filter>
    </ClInclude>
    <ClInclude Include="Source\HighResolutionTimer.h">
      <Filter>Source\GameSource</Filter>
    </ClInclude>
    <ClInclude Include="Source\Logger.h">
      <Filter>Source\GameSource</Filter>
    </ClInclude>
    <ClInclude Include="Source\Misc.h">
      <Filter>Source\GameSource</Filter>
    </ClInclude>
    <ClInclude Include="Source\Graphics\Dx11StateLib.h">
      <Filter>Source\Graphics</Filter>
    </ClInclude>
    <ClInclude Include="External\imgui\ImGuizmo\GraphEditor.h">
      <Filter>External\imgui\ImGuizmo</Filter>
    </ClInclude>
    <ClInclude Include="External\imgui\ImGuizmo\ImCurveEdit.h">
      <Filter>External\imgui\ImGuizmo</Filter>
    </ClInclude>
    <ClInclude Include="External\imgui\ImGuizmo\ImGradient.h">
      <Filter>External\imgui\ImGuizmo</Filter>
    </ClInclude>
    <ClInclude Include="External\imgui\ImGuizmo\ImGuizmo.h">
      <Filter>External\imgui\ImGuizmo</Filter>
    </ClInclude>
    <ClInclude Include="External\imgui\ImGuizmo\ImSequencer.h">
      <Filter>External\imgui\ImGuizmo</Filter>
    </ClInclude>
    <ClInclude Include="External\imgui\ImGuizmo\ImZoomSlider.h">
      <Filter>External\imgui\ImGuizmo</Filter>
    </ClInclude>
    <ClInclude Include="Source\ModelAnimation\ModelWatch.h">
      <Filter>Source\ModelAnimation</Filter>
    </ClInclude>
    <ClInclude Include="External\imgui-docking\imconfig.h">
      <Filter>External\imguiDocking</Filter>
    </ClInclude>
    <ClInclude Include="External\imgui-docking\imgui.h">
      <Filter>External\imguiDocking</Filter>
    </ClInclude>
    <ClInclude Include="External\imgui-docking\imgui_internal.h">
      <Filter>External\imguiDocking</Filter>
    </ClInclude>
    <ClInclude Include="External\imgui-docking\imstb_rectpack.h">
      <Filter>External\imguiDocking</Filter>
    </ClInclude>
    <ClInclude Include="External\imgui-docking\imstb_textedit.h">
      <Filter>External\imguiDocking</Filter>
    </ClInclude>
    <ClInclude Include="External\imgui-docking\imstb_truetype.h">
      <Filter>External\imguiDocking</Filter>
    </ClInclude>
    <ClInclude Include="External\imgui-docking\backends\imgui_impl_dx11.h">
      <Filter>External\imguiDocking</Filter>
    </ClInclude>
    <ClInclude Include="External\imgui-docking\backends\imgui_impl_win32.h">
      <Filter>External\imguiDocking</Filter>
    </ClInclude>
    <ClInclude Include="Source\Graphics\compute\particle.h">
      <Filter>Source\Graphics\compute</Filter>
    </ClInclude>
    <ClInclude Include="Source\Components\CameraCom.h">
      <Filter>Source\GameSource\Camera</Filter>
    </ClInclude>
    <ClInclude Include="Source\GameSource\Weapon\Weapon.h" />
    <ClInclude Include="Source\Components\System\Component.h" />
    <ClInclude Include="Source\Components\System\GameObject.h" />
    <ClInclude Include="Source\Components\RendererCom.h" />
    <ClInclude Include="Source\Components\TransformCom.h" />
    <ClInclude Include="Source\GameSource\ScriptComponents\Player\PlayerCom.h" />
  </ItemGroup>
  <ItemGroup>
    <ClCompile Include="External\DirectXTex\WICTextureLoader.cpp">
      <Filter>External\DirectXTex</Filter>
    </ClCompile>
    <ClCompile Include="Source\Input\GamePad.cpp">
      <Filter>Source\Input</Filter>
    </ClCompile>
    <ClCompile Include="Source\Graphics\DebugRenderer.cpp">
      <Filter>Source\Graphics</Filter>
    </ClCompile>
    <ClCompile Include="Source\Graphics\Graphics.cpp">
      <Filter>Source\Graphics</Filter>
    </ClCompile>
    <ClCompile Include="Source\Graphics\LambertShader.cpp">
      <Filter>Source\Graphics</Filter>
    </ClCompile>
    <ClCompile Include="Source\Graphics\Model.cpp">
      <Filter>Source\Graphics</Filter>
    </ClCompile>
    <ClCompile Include="Source\Graphics\ModelResource.cpp">
      <Filter>Source\Graphics</Filter>
    </ClCompile>
    <ClCompile Include="Source\Input\Input.cpp">
      <Filter>Source\Input</Filter>
    </ClCompile>
    <ClCompile Include="Source\Graphics\LineRenderer.cpp">
      <Filter>Source\Graphics</Filter>
    </ClCompile>
    <ClCompile Include="Source\Graphics\Sprite.cpp">
      <Filter>Source\Graphics</Filter>
    </ClCompile>
    <ClCompile Include="Source\Audio\Audio.cpp">
      <Filter>Source\Audio</Filter>
    </ClCompile>
    <ClCompile Include="Source\Audio\AudioResource.cpp">
      <Filter>Source\Audio</Filter>
    </ClCompile>
    <ClCompile Include="Source\Audio\AudioSource.cpp">
      <Filter>Source\Audio</Filter>
    </ClCompile>
    <ClCompile Include="Source\Input\Mouse.cpp">
      <Filter>Source\Input</Filter>
    </ClCompile>
    <ClCompile Include="Source\Graphics\FbxModelResource.cpp">
      <Filter>Source\Graphics</Filter>
    </ClCompile>
    <ClCompile Include="Source\Graphics\Encoding.cpp">
      <Filter>Source\Graphics</Filter>
    </ClCompile>
    <ClCompile Include="Source\Inspector\Inspector.cpp">
      <Filter>Source\Inspector</Filter>
    </ClCompile>
    <ClCompile Include="Source\Inspector\SubWindowManager.cpp">
      <Filter>Source\Inspector</Filter>
    </ClCompile>
    <ClCompile Include="Source\GameSource\Math\Collision.cpp">
      <Filter>Source\GameSource\Math</Filter>
    </ClCompile>
    <ClCompile Include="Source\GameSource\Math\Mathf.cpp">
      <Filter>Source\GameSource\Math</Filter>
    </ClCompile>
    <ClCompile Include="Source\GameSource\Scene\SceneGame.cpp">
      <Filter>Source\GameSource\Scene</Filter>
    </ClCompile>
    <ClCompile Include="Source\GameSource\Scene\SceneLoading.cpp">
      <Filter>Source\GameSource\Scene</Filter>
    </ClCompile>
    <ClCompile Include="Source\GameSource\Scene\SceneManager.cpp">
      <Filter>Source\GameSource\Scene</Filter>
    </ClCompile>
    <ClCompile Include="Source\GameSource\Scene\SceneTitle.cpp">
      <Filter>Source\GameSource\Scene</Filter>
    </ClCompile>
    <ClCompile Include="Source\GameSource\Character\Character.cpp">
      <Filter>Source\GameSource\Character</Filter>
    </ClCompile>
    <ClCompile Include="Source\GameSource\Render\ResourceManager.cpp">
      <Filter>Source\GameSource\Render</Filter>
    </ClCompile>
    <ClCompile Include="Source\GameSource\Stage\Stage.cpp">
      <Filter>Source\GameSource\Stage</Filter>
    </ClCompile>
    <ClCompile Include="Source\GameSource\Stage\StageMain.cpp">
      <Filter>Source\GameSource\Stage</Filter>
    </ClCompile>
    <ClCompile Include="Source\GameSource\Stage\StageManager.cpp">
      <Filter>Source\GameSource\Stage</Filter>
    </ClCompile>
    <ClCompile Include="Source\GameSource\Render\Effect\Effect.cpp">
      <Filter>Source\GameSource\Render\Effect</Filter>
    </ClCompile>
    <ClCompile Include="Source\GameSource\Render\Effect\EffectManager.cpp">
      <Filter>Source\GameSource\Render\Effect</Filter>
    </ClCompile>
    <ClCompile Include="Source\Framework.cpp">
      <Filter>Source\GameSource</Filter>
    </ClCompile>
    <ClCompile Include="Source\Logger.cpp">
      <Filter>Source\GameSource</Filter>
    </ClCompile>
    <ClCompile Include="Source\Main.cpp">
      <Filter>Source\GameSource</Filter>
    </ClCompile>
    <ClCompile Include="Source\Graphics\Dx11StateLib.cpp">
      <Filter>Source\Graphics</Filter>
    </ClCompile>
    <ClCompile Include="External\imgui\ImGuizmo\GraphEditor.cpp">
      <Filter>External\imgui\ImGuizmo</Filter>
    </ClCompile>
    <ClCompile Include="External\imgui\ImGuizmo\ImCurveEdit.cpp">
      <Filter>External\imgui\ImGuizmo</Filter>
    </ClCompile>
    <ClCompile Include="External\imgui\ImGuizmo\ImGradient.cpp">
      <Filter>External\imgui\ImGuizmo</Filter>
    </ClCompile>
    <ClCompile Include="External\imgui\ImGuizmo\ImGuizmo.cpp">
      <Filter>External\imgui\ImGuizmo</Filter>
    </ClCompile>
    <ClCompile Include="External\imgui\ImGuizmo\ImSequencer.cpp">
      <Filter>External\imgui\ImGuizmo</Filter>
    </ClCompile>
    <ClCompile Include="Source\ModelAnimation\ModelWatch.cpp">
      <Filter>Source\ModelAnimation</Filter>
    </ClCompile>
    <ClCompile Include="External\imgui-docking\imgui.cpp">
      <Filter>External\imguiDocking</Filter>
    </ClCompile>
    <ClCompile Include="External\imgui-docking\imgui_demo.cpp">
      <Filter>External\imguiDocking</Filter>
    </ClCompile>
    <ClCompile Include="External\imgui-docking\imgui_draw.cpp">
      <Filter>External\imguiDocking</Filter>
    </ClCompile>
    <ClCompile Include="External\imgui-docking\imgui_tables.cpp">
      <Filter>External\imguiDocking</Filter>
    </ClCompile>
    <ClCompile Include="External\imgui-docking\imgui_widgets.cpp">
      <Filter>External\imguiDocking</Filter>
    </ClCompile>
    <ClCompile Include="External\imgui-docking\backends\imgui_impl_dx11.cpp">
      <Filter>External\imguiDocking</Filter>
    </ClCompile>
    <ClCompile Include="External\imgui-docking\backends\imgui_impl_win32.cpp">
      <Filter>External\imguiDocking</Filter>
    </ClCompile>
    <ClCompile Include="Source\Graphics\compute\particle.cpp">
      <Filter>Source\Graphics\compute</Filter>
    </ClCompile>
    <ClCompile Include="Source\Components\CameraCom.cpp">
      <Filter>Source\GameSource\Camera</Filter>
    </ClCompile>
    <ClCompile Include="Source\GameSource\Weapon\Weapon.cpp">
      <Filter>Source</Filter>
    </ClCompile>
    <ClCompile Include="Source\Components\System\GameObject.cpp">
      <Filter>Source</Filter>
    </ClCompile>
    <ClCompile Include="Source\Components\RendererCom.cpp">
      <Filter>Source</Filter>
    </ClCompile>
    <ClCompile Include="Source\Components\TransformCom.cpp">
      <Filter>Source</Filter>
    </ClCompile>
    <ClCompile Include="Source\GameSource\ScriptComponents\Player\PlayerCom.cpp">
      <Filter>Source</Filter>
    </ClCompile>
  </ItemGroup>
  <ItemGroup>
    <None Include="HLSL\Debug.hlsli">
      <Filter>HLSL</Filter>
    </None>
    <None Include="HLSL\ImGui.hlsli">
      <Filter>HLSL</Filter>
    </None>
    <None Include="HLSL\Lambert.hlsli">
      <Filter>HLSL</Filter>
    </None>
    <None Include="HLSL\Line.hlsli">
      <Filter>HLSL</Filter>
    </None>
    <None Include="HLSL\Sprite.hlsli">
      <Filter>HLSL</Filter>
    </None>
    <None Include="HLSL\compute\Particle.hlsli">
      <Filter>HLSL\compute</Filter>
    </None>
  </ItemGroup>
  <ItemGroup>
    <FxCompile Include="HLSL\DebugPS.hlsl">
      <Filter>HLSL</Filter>
    </FxCompile>
    <FxCompile Include="HLSL\DebugVS.hlsl">
      <Filter>HLSL</Filter>
    </FxCompile>
    <FxCompile Include="HLSL\ImGuiPS.hlsl">
      <Filter>HLSL</Filter>
    </FxCompile>
    <FxCompile Include="HLSL\ImGuiVS.hlsl">
      <Filter>HLSL</Filter>
    </FxCompile>
    <FxCompile Include="HLSL\LambertPS.hlsl">
      <Filter>HLSL</Filter>
    </FxCompile>
    <FxCompile Include="HLSL\LambertVS.hlsl">
      <Filter>HLSL</Filter>
    </FxCompile>
    <FxCompile Include="HLSL\LineVS.hlsl">
      <Filter>HLSL</Filter>
    </FxCompile>
    <FxCompile Include="HLSL\LinePS.hlsl">
      <Filter>HLSL</Filter>
    </FxCompile>
    <FxCompile Include="HLSL\SpriteVS.hlsl">
      <Filter>HLSL</Filter>
    </FxCompile>
    <FxCompile Include="HLSL\SpritePS.hlsl">
      <Filter>HLSL</Filter>
    </FxCompile>
    <FxCompile Include="HLSL\compute\ParticleCS.hlsl">
      <Filter>HLSL\compute</Filter>
    </FxCompile>
    <FxCompile Include="HLSL\compute\ParticleVS.hlsl">
      <Filter>HLSL\compute</Filter>
    </FxCompile>
    <FxCompile Include="HLSL\compute\ParticlePS.hlsl">
      <Filter>HLSL\compute</Filter>
    </FxCompile>
    <FxCompile Include="HLSL\compute\ParticleGS.hlsl">
      <Filter>HLSL\compute</Filter>
    </FxCompile>
  </ItemGroup>
</Project>