<?xml version="1.0" encoding="utf-8"?>
<Project ToolsVersion="4.0" xmlns="http://schemas.microsoft.com/developer/msbuild/2003">
  <ItemGroup>
    <Filter Include="External">
      <UniqueIdentifier>{67DA6AB6-F800-4c08-8B7A-83BB121AAD01}</UniqueIdentifier>
      <Extensions>rc;ico;cur;bmp;dlg;rc2;rct;bin;rgs;gif;jpg;jpeg;jpe;resx;tiff;tif;png;wav;mfcribbon-ms</Extensions>
    </Filter>
    <Filter Include="Source">
      <UniqueIdentifier>{4FC737F1-C7A5-4376-A066-2A32D752A2FF}</UniqueIdentifier>
      <Extensions>cpp;c;cc;cxx;def;odl;idl;hpj;bat;asm;asmx</Extensions>
    </Filter>
    <Filter Include="HLSL">
      <UniqueIdentifier>{9f64f4ff-d9e0-43d7-88e1-13e6d3656a89}</UniqueIdentifier>
      <Extensions>hlsl;hlsli</Extensions>
    </Filter>
    <Filter Include="External\imgui">
      <UniqueIdentifier>{c85446c9-90d2-4441-add5-5aac511d95ce}</UniqueIdentifier>
    </Filter>
    <Filter Include="External\DirectXTex">
      <UniqueIdentifier>{8dd0c8ba-1f1c-4648-8a04-c28bb5a1c75a}</UniqueIdentifier>
    </Filter>
    <Filter Include="Source\Input">
      <UniqueIdentifier>{1922815d-5a70-4f38-9fbd-fb6e72c44df0}</UniqueIdentifier>
    </Filter>
    <Filter Include="Source\Graphics">
      <UniqueIdentifier>{2ac7cb79-cb10-43d1-856f-e51f0f698e73}</UniqueIdentifier>
    </Filter>
    <Filter Include="Source\Audio">
      <UniqueIdentifier>{dfdec87c-66e2-424a-8126-477d89e5eb73}</UniqueIdentifier>
    </Filter>
    <Filter Include="Source\Inspector">
      <UniqueIdentifier>{50a4712f-dc32-4547-b7d7-90bcd724d2a6}</UniqueIdentifier>
    </Filter>
    <Filter Include="External\imgui\ImGuizmo">
      <UniqueIdentifier>{04e005ee-761f-4d9b-92ae-2128cfa8fcd9}</UniqueIdentifier>
    </Filter>
    <Filter Include="Source\GameSource">
      <UniqueIdentifier>{6bb43bfe-b5c3-4142-9359-7f09694348c6}</UniqueIdentifier>
    </Filter>
    <Filter Include="Source\GameSource\Stage">
      <UniqueIdentifier>{96c3a4fc-1af8-481f-939a-c8b9d4eb41fc}</UniqueIdentifier>
    </Filter>
    <Filter Include="Source\GameSource\Render">
      <UniqueIdentifier>{249be597-005d-4f1f-806b-9e5868c62071}</UniqueIdentifier>
    </Filter>
    <Filter Include="Source\GameSource\Scene">
      <UniqueIdentifier>{67db99e1-480b-4686-9d76-ae9159b1f8d3}</UniqueIdentifier>
    </Filter>
    <Filter Include="Source\GameSource\Camera">
      <UniqueIdentifier>{5695e997-1ab3-469c-b966-d9d28882c270}</UniqueIdentifier>
    </Filter>
    <Filter Include="Source\GameSource\Math">
      <UniqueIdentifier>{edc6e4d3-4207-471f-bd35-12f1e1f8b1fd}</UniqueIdentifier>
    </Filter>
    <Filter Include="Source\GameSource\Character">
      <UniqueIdentifier>{b16e195f-91a8-4955-a626-a080f3766678}</UniqueIdentifier>
    </Filter>
    <Filter Include="Source\ModelAnimation">
      <UniqueIdentifier>{0c3652d0-01f2-45be-9ad7-9ad9a23a5a62}</UniqueIdentifier>
    </Filter>
    <Filter Include="External\imguiDocking">
      <UniqueIdentifier>{5ed599fa-0a44-4e55-af4b-b67cc9fa0da4}</UniqueIdentifier>
    </Filter>
    <Filter Include="HLSL\compute">
      <UniqueIdentifier>{8b13efcb-f8ac-45de-b14c-88b027c5ac26}</UniqueIdentifier>
    </Filter>
    <Filter Include="Source\Graphics\compute">
      <UniqueIdentifier>{2eb9c992-bbe5-48b3-a084-0c801d354071}</UniqueIdentifier>
    </Filter>
    <Filter Include="Source\GameSource\Render\Effect">
      <UniqueIdentifier>{4eb406ab-5637-49e6-9f17-c44c0b3bab16}</UniqueIdentifier>
    </Filter>
    <Filter Include="Source\GameSource\Character\Weapon">
      <UniqueIdentifier>{870dc27d-9a0a-4362-9b5c-291146b538d2}</UniqueIdentifier>
    </Filter>
  </ItemGroup>
  <ItemGroup>
    <ClInclude Include="External\DirectXTex\WICTextureLoader.h">
      <Filter>External\DirectXTex</Filter>
    </ClInclude>
    <ClInclude Include="Source\Input\GamePad.h">
      <Filter>Source\Input</Filter>
    </ClInclude>
    <ClInclude Include="Source\Graphics\Graphics.h">
      <Filter>Source\Graphics</Filter>
    </ClInclude>
    <ClInclude Include="Source\Graphics\Shaders\3D\LambertShader.h">
      <Filter>Source\Graphics</Filter>
    </ClInclude>
    <ClInclude Include="Source\Graphics\Model\Model.h">
      <Filter>Source\Graphics</Filter>
    </ClInclude>
    <ClInclude Include="Source\Graphics\Model\ModelResource.h">
      <Filter>Source\Graphics</Filter>
    </ClInclude>
    <ClInclude Include="Source\Graphics\Shaders\Shader.h">
      <Filter>Source\Graphics</Filter>
    </ClInclude>
    <ClInclude Include="Source\Input\Input.h">
      <Filter>Source\Input</Filter>
    </ClInclude>
    <ClInclude Include="Source\Graphics\Shaders\3D\ShaderParameter3D.h">
      <Filter>Source\Graphics</Filter>
    </ClInclude>
    <ClInclude Include="Source\Graphics\Sprite\Sprite.h">
      <Filter>Source\Graphics</Filter>
    </ClInclude>
    <ClInclude Include="Source\Audio\Audio.h">
      <Filter>Source\Audio</Filter>
    </ClInclude>
    <ClInclude Include="Source\Audio\AudioResource.h">
      <Filter>Source\Audio</Filter>
    </ClInclude>
    <ClInclude Include="Source\Audio\AudioSource.h">
      <Filter>Source\Audio</Filter>
    </ClInclude>
    <ClInclude Include="Source\Input\Mouse.h">
      <Filter>Source\Input</Filter>
    </ClInclude>
    <ClInclude Include="Source\Graphics\Model\FbxModelResource.h">
      <Filter>Source\Graphics</Filter>
    </ClInclude>
    <ClInclude Include="Source\Graphics\Encoding.h">
      <Filter>Source\Graphics</Filter>
    </ClInclude>
    <ClInclude Include="Source\GameSource\Math\Collision.h">
      <Filter>Source\GameSource\Math</Filter>
    </ClInclude>
    <ClInclude Include="Source\GameSource\Math\Mathf.h">
      <Filter>Source\GameSource\Math</Filter>
    </ClInclude>
    <ClInclude Include="Source\GameSource\Scene\SceneGame.h">
      <Filter>Source\GameSource\Scene</Filter>
    </ClInclude>
    <ClInclude Include="Source\GameSource\Scene\SceneLoading.h">
      <Filter>Source\GameSource\Scene</Filter>
    </ClInclude>
    <ClInclude Include="Source\GameSource\Scene\SceneManager.h">
      <Filter>Source\GameSource\Scene</Filter>
    </ClInclude>
    <ClInclude Include="Source\GameSource\Scene\SceneTitle.h">
      <Filter>Source\GameSource\Scene</Filter>
    </ClInclude>
    <ClInclude Include="Source\Graphics\Model\ResourceManager.h">
      <Filter>Source\GameSource\Render</Filter>
    </ClInclude>
    <ClInclude Include="Source\GameSource\Scene\Scene.h">
      <Filter>Source\GameSource\Scene</Filter>
    </ClInclude>
    <ClInclude Include="Source\GameSource\Render\Effect\Effect.h">
      <Filter>Source\GameSource\Render\Effect</Filter>
    </ClInclude>
    <ClInclude Include="Source\GameSource\Render\Effect\EffectManager.h">
      <Filter>Source\GameSource\Render\Effect</Filter>
    </ClInclude>
    <ClInclude Include="Source\Framework.h">
      <Filter>Source\GameSource</Filter>
    </ClInclude>
    <ClInclude Include="Source\HighResolutionTimer.h">
      <Filter>Source\GameSource</Filter>
    </ClInclude>
    <ClInclude Include="Source\Logger.h">
      <Filter>Source\GameSource</Filter>
    </ClInclude>
    <ClInclude Include="Source\Misc.h">
      <Filter>Source\GameSource</Filter>
    </ClInclude>
    <ClInclude Include="Source\Graphics\Dx11StateLib.h">
      <Filter>Source\Graphics</Filter>
    </ClInclude>
    <ClInclude Include="External\imgui\ImGuizmo\GraphEditor.h">
      <Filter>External\imgui\ImGuizmo</Filter>
    </ClInclude>
    <ClInclude Include="External\imgui\ImGuizmo\ImCurveEdit.h">
      <Filter>External\imgui\ImGuizmo</Filter>
    </ClInclude>
    <ClInclude Include="External\imgui\ImGuizmo\ImGradient.h">
      <Filter>External\imgui\ImGuizmo</Filter>
    </ClInclude>
    <ClInclude Include="External\imgui\ImGuizmo\ImGuizmo.h">
      <Filter>External\imgui\ImGuizmo</Filter>
    </ClInclude>
    <ClInclude Include="External\imgui\ImGuizmo\ImSequencer.h">
      <Filter>External\imgui\ImGuizmo</Filter>
    </ClInclude>
    <ClInclude Include="External\imgui\ImGuizmo\ImZoomSlider.h">
      <Filter>External\imgui\ImGuizmo</Filter>
    </ClInclude>
    <ClInclude Include="External\imgui-docking\imconfig.h">
      <Filter>External\imguiDocking</Filter>
    </ClInclude>
    <ClInclude Include="External\imgui-docking\imgui.h">
      <Filter>External\imguiDocking</Filter>
    </ClInclude>
    <ClInclude Include="External\imgui-docking\imgui_internal.h">
      <Filter>External\imguiDocking</Filter>
    </ClInclude>
    <ClInclude Include="External\imgui-docking\imstb_rectpack.h">
      <Filter>External\imguiDocking</Filter>
    </ClInclude>
    <ClInclude Include="External\imgui-docking\imstb_textedit.h">
      <Filter>External\imguiDocking</Filter>
    </ClInclude>
    <ClInclude Include="External\imgui-docking\imstb_truetype.h">
      <Filter>External\imguiDocking</Filter>
    </ClInclude>
    <ClInclude Include="External\imgui-docking\backends\imgui_impl_dx11.h">
      <Filter>External\imguiDocking</Filter>
    </ClInclude>
    <ClInclude Include="External\imgui-docking\backends\imgui_impl_win32.h">
      <Filter>External\imguiDocking</Filter>
    </ClInclude>
    <ClInclude Include="Source\Components\CameraCom.h">
      <Filter>Source\GameSource\Camera</Filter>
    </ClInclude>
    <ClInclude Include="Source\Components\System\Component.h" />
    <ClInclude Include="Source\Components\System\GameObject.h" />
    <ClInclude Include="Source\Components\RendererCom.h" />
    <ClInclude Include="Source\Components\TransformCom.h" />
    <ClInclude Include="Source\GameSource\ScriptComponents\Player\PlayerCom.h" />
    <ClInclude Include="Source\Components\AnimationCom.h" />
    <ClInclude Include="Source\Graphics\Shaders\3D\PhongShader.h" />
    <ClInclude Include="Source\Graphics\Shaders\PostEffect.h" />
    <ClInclude Include="Source\Graphics\Shaders\TextureFormat.h" />
    <ClInclude Include="Source\SystemStruct\QuaternionStruct.h" />
    <ClInclude Include="Source\GameSource\ScriptComponents\Enemy\EnemyCom.h" />
    <ClInclude Include="Source\Components\ColliderCom.h" />
    <ClInclude Include="Source\Graphics\DebugRenderer\DebugRenderer.h" />
    <ClInclude Include="Source\Graphics\DebugRenderer\LineRenderer.h" />
    <ClInclude Include="Source\Components\MovementCom.h" />
    <ClInclude Include="Source\Components\AnimatorCom.h" />
    <ClInclude Include="Source\GameSource\ScriptComponents\Weapon\WeaponCom.h" />
    <ClInclude Include="Source\GameSource\ScriptComponents\CharacterStatusCom.h" />
    <ClInclude Include="Source\GameSource\ScriptComponents\Player\AttackPlayer.h" />
    <ClInclude Include="Source\GameSource\ScriptComponents\Player\PlayerCameraCom.h" />
    <ClInclude Include="Source\Graphics\Shaders\3D\UnityChanToonShader.h" />
    <ClInclude Include="Source\GameSource\ScriptComponents\Enemy\BehaviorTree\ActionBase.h" />
    <ClInclude Include="Source\GameSource\ScriptComponents\Enemy\BehaviorTree\JudgmentBase.h" />
    <ClInclude Include="Source\GameSource\ScriptComponents\Enemy\BehaviorTree\NodeBase.h" />
    <ClInclude Include="Source\GameSource\ScriptComponents\Enemy\BehaviorTree\BehaviorTree.h" />
    <ClInclude Include="Source\GameSource\ScriptComponents\Enemy\BehaviorTree\BehaviorData.h" />
    <ClInclude Include="Source\GameSource\ScriptComponents\Enemy\BehaviorTree\ActionDerived.h" />
    <ClInclude Include="Source\GameSource\ScriptComponents\Enemy\BehaviorTree\JudgmentDerived.h" />
    <ClInclude Include="Source\GameSource\ScriptComponents\Player\MovePlayer.h" />
    <ClInclude Include="Source\GameSource\ScriptComponents\Player\JustAvoidPlayer.h" />
    <ClInclude Include="External\DirectXTex\DDSTextureLoader.h" />
    <ClInclude Include="External\DirectXTex\DDS.h" />
    <ClInclude Include="External\DirectXTex\LoaderHelpers.h" />
    <ClInclude Include="External\DirectXTex\pch.h" />
    <ClInclude Include="External\DirectXTex\PlatformHelpers.h" />
    <ClInclude Include="External\DirectXTex\DirectXHelpers.h" />
    <ClInclude Include="Source\GameSource\ScriptComponents\Weapon\SwordTrailCom.h" />
    <ClInclude Include="Source\GameSource\ScriptComponents\Enemy\EnemyNearCom.h" />
    <ClInclude Include="Source\GameSource\ScriptComponents\Enemy\EnemyFarCom.h" />
    <ClInclude Include="Source\GameSource\ScriptComponents\Enemy\EnemyManager.h" />
    <ClInclude Include="Source\GameSource\ScriptComponents\Enemy\TelegramEnemy.h" />
    <ClInclude Include="Source\GameSource\Stage\PathSearch.h" />
    <ClInclude Include="Source\ThreadPool\ThreadPool.h" />
    <ClInclude Include="Source\GameSource\Math\easing.h" />
    <ClInclude Include="Source\Components\ParticleSystemCom.h" />
    <ClInclude Include="Source\Dialog.h" />
    <ClInclude Include="Source\Components\ParticleComManager.h" />
    <ClInclude Include="Source\GameSource\ScriptComponents\Player\PlayerWeapon\CandyPushCom.h" />
    <ClInclude Include="Source\Graphics\Shaders\3D\SilhoutteShader.h" />
    <ClInclude Include="Source\Graphics\Shaders\3D\ShadowMapCasterShader.h" />
    <ClInclude Include="Source\GameSource\ScriptComponents\Enemy\EnemyAppleNearCom.h" />
    <ClInclude Include="Source\GameSource\ScriptComponents\Enemy\EnemyGrapeFarCom.h" />
    <ClInclude Include="Source\GameSource\Scene\SceneResult.h" />
    <ClInclude Include="Source\GameSource\ScriptComponents\Score.h" />
  </ItemGroup>
  <ItemGroup>
    <ClCompile Include="External\DirectXTex\WICTextureLoader.cpp">
      <Filter>External\DirectXTex</Filter>
    </ClCompile>
    <ClCompile Include="Source\Input\GamePad.cpp">
      <Filter>Source\Input</Filter>
    </ClCompile>
    <ClCompile Include="Source\Graphics\Graphics.cpp">
      <Filter>Source\Graphics</Filter>
    </ClCompile>
    <ClCompile Include="Source\Graphics\Shaders\3D\LambertShader.cpp">
      <Filter>Source\Graphics</Filter>
    </ClCompile>
    <ClCompile Include="Source\Graphics\Model\Model.cpp">
      <Filter>Source\Graphics</Filter>
    </ClCompile>
    <ClCompile Include="Source\Graphics\Model\ModelResource.cpp">
      <Filter>Source\Graphics</Filter>
    </ClCompile>
    <ClCompile Include="Source\Input\Input.cpp">
      <Filter>Source\Input</Filter>
    </ClCompile>
    <ClCompile Include="Source\Graphics\Sprite\Sprite.cpp">
      <Filter>Source\Graphics</Filter>
    </ClCompile>
    <ClCompile Include="Source\Audio\Audio.cpp">
      <Filter>Source\Audio</Filter>
    </ClCompile>
    <ClCompile Include="Source\Audio\AudioResource.cpp">
      <Filter>Source\Audio</Filter>
    </ClCompile>
    <ClCompile Include="Source\Audio\AudioSource.cpp">
      <Filter>Source\Audio</Filter>
    </ClCompile>
    <ClCompile Include="Source\Input\Mouse.cpp">
      <Filter>Source\Input</Filter>
    </ClCompile>
    <ClCompile Include="Source\Graphics\Model\FbxModelResource.cpp">
      <Filter>Source\Graphics</Filter>
    </ClCompile>
    <ClCompile Include="Source\Graphics\Encoding.cpp">
      <Filter>Source\Graphics</Filter>
    </ClCompile>
    <ClCompile Include="Source\GameSource\Math\Collision.cpp">
      <Filter>Source\GameSource\Math</Filter>
    </ClCompile>
    <ClCompile Include="Source\GameSource\Math\Mathf.cpp">
      <Filter>Source\GameSource\Math</Filter>
    </ClCompile>
    <ClCompile Include="Source\GameSource\Scene\SceneGame.cpp">
      <Filter>Source\GameSource\Scene</Filter>
    </ClCompile>
    <ClCompile Include="Source\GameSource\Scene\SceneLoading.cpp">
      <Filter>Source\GameSource\Scene</Filter>
    </ClCompile>
    <ClCompile Include="Source\GameSource\Scene\SceneManager.cpp">
      <Filter>Source\GameSource\Scene</Filter>
    </ClCompile>
    <ClCompile Include="Source\GameSource\Scene\SceneTitle.cpp">
      <Filter>Source\GameSource\Scene</Filter>
    </ClCompile>
    <ClCompile Include="Source\Graphics\Model\ResourceManager.cpp">
      <Filter>Source\GameSource\Render</Filter>
    </ClCompile>
    <ClCompile Include="Source\GameSource\Render\Effect\Effect.cpp">
      <Filter>Source\GameSource\Render\Effect</Filter>
    </ClCompile>
    <ClCompile Include="Source\GameSource\Render\Effect\EffectManager.cpp">
      <Filter>Source\GameSource\Render\Effect</Filter>
    </ClCompile>
    <ClCompile Include="Source\Framework.cpp">
      <Filter>Source\GameSource</Filter>
    </ClCompile>
    <ClCompile Include="Source\Logger.cpp">
      <Filter>Source\GameSource</Filter>
    </ClCompile>
    <ClCompile Include="Source\Main.cpp">
      <Filter>Source\GameSource</Filter>
    </ClCompile>
    <ClCompile Include="Source\Graphics\Dx11StateLib.cpp">
      <Filter>Source\Graphics</Filter>
    </ClCompile>
    <ClCompile Include="External\imgui\ImGuizmo\GraphEditor.cpp">
      <Filter>External\imgui\ImGuizmo</Filter>
    </ClCompile>
    <ClCompile Include="External\imgui\ImGuizmo\ImCurveEdit.cpp">
      <Filter>External\imgui\ImGuizmo</Filter>
    </ClCompile>
    <ClCompile Include="External\imgui\ImGuizmo\ImGradient.cpp">
      <Filter>External\imgui\ImGuizmo</Filter>
    </ClCompile>
    <ClCompile Include="External\imgui\ImGuizmo\ImGuizmo.cpp">
      <Filter>External\imgui\ImGuizmo</Filter>
    </ClCompile>
    <ClCompile Include="External\imgui\ImGuizmo\ImSequencer.cpp">
      <Filter>External\imgui\ImGuizmo</Filter>
    </ClCompile>
    <ClCompile Include="External\imgui-docking\imgui.cpp">
      <Filter>External\imguiDocking</Filter>
    </ClCompile>
    <ClCompile Include="External\imgui-docking\imgui_demo.cpp">
      <Filter>External\imguiDocking</Filter>
    </ClCompile>
    <ClCompile Include="External\imgui-docking\imgui_draw.cpp">
      <Filter>External\imguiDocking</Filter>
    </ClCompile>
    <ClCompile Include="External\imgui-docking\imgui_tables.cpp">
      <Filter>External\imguiDocking</Filter>
    </ClCompile>
    <ClCompile Include="External\imgui-docking\imgui_widgets.cpp">
      <Filter>External\imguiDocking</Filter>
    </ClCompile>
    <ClCompile Include="External\imgui-docking\backends\imgui_impl_dx11.cpp">
      <Filter>External\imguiDocking</Filter>
    </ClCompile>
    <ClCompile Include="External\imgui-docking\backends\imgui_impl_win32.cpp">
      <Filter>External\imguiDocking</Filter>
    </ClCompile>
    <ClCompile Include="Source\Components\CameraCom.cpp">
      <Filter>Source\GameSource\Camera</Filter>
    </ClCompile>
    <ClCompile Include="Source\Components\System\GameObject.cpp">
      <Filter>Source</Filter>
    </ClCompile>
    <ClCompile Include="Source\Components\RendererCom.cpp">
      <Filter>Source</Filter>
    </ClCompile>
    <ClCompile Include="Source\Components\TransformCom.cpp">
      <Filter>Source</Filter>
    </ClCompile>
    <ClCompile Include="Source\GameSource\ScriptComponents\Player\PlayerCom.cpp">
      <Filter>Source</Filter>
    </ClCompile>
    <ClCompile Include="Source\Components\AnimationCom.cpp">
      <Filter>Source</Filter>
    </ClCompile>
    <ClCompile Include="Source\Graphics\Shaders\3D\PhongShader.cpp">
      <Filter>Source</Filter>
    </ClCompile>
    <ClCompile Include="Source\Graphics\Shaders\PostEffect.cpp">
      <Filter>Source</Filter>
    </ClCompile>
    <ClCompile Include="Source\Graphics\Shaders\TextureFormat.cpp">
      <Filter>Source</Filter>
    </ClCompile>
    <ClCompile Include="Source\GameSource\ScriptComponents\Enemy\EnemyCom.cpp">
      <Filter>Source</Filter>
    </ClCompile>
    <ClCompile Include="Source\Components\ColliderCom.cpp">
      <Filter>Source</Filter>
    </ClCompile>
    <ClCompile Include="Source\Graphics\DebugRenderer\DebugRenderer.cpp">
      <Filter>Source</Filter>
    </ClCompile>
    <ClCompile Include="Source\Graphics\DebugRenderer\LineRenderer.cpp">
      <Filter>Source</Filter>
    </ClCompile>
    <ClCompile Include="Source\Components\MovementCom.cpp">
      <Filter>Source</Filter>
    </ClCompile>
    <ClCompile Include="Source\Components\AnimatorCom.cpp">
      <Filter>Source</Filter>
    </ClCompile>
    <ClCompile Include="Source\GameSource\ScriptComponents\Weapon\WeaponCom.cpp">
      <Filter>Source</Filter>
    </ClCompile>
    <ClCompile Include="Source\GameSource\ScriptComponents\CharacterStatusCom.cpp">
      <Filter>Source</Filter>
    </ClCompile>
    <ClCompile Include="Source\GameSource\ScriptComponents\Player\AttackPlayer.cpp">
      <Filter>Source</Filter>
    </ClCompile>
    <ClCompile Include="Source\GameSource\ScriptComponents\Player\PlayerCameraCom.cpp">
      <Filter>Source</Filter>
    </ClCompile>
    <ClCompile Include="Source\Graphics\Shaders\3D\UnityChanToonShader.cpp">
      <Filter>Source</Filter>
    </ClCompile>
    <ClCompile Include="Source\GameSource\ScriptComponents\Enemy\BehaviorTree\ActionDerived.cpp">
      <Filter>Source</Filter>
    </ClCompile>
    <ClCompile Include="Source\GameSource\ScriptComponents\Enemy\BehaviorTree\JudgmentDerived.cpp">
      <Filter>Source</Filter>
    </ClCompile>
    <ClCompile Include="Source\GameSource\ScriptComponents\Enemy\BehaviorTree\NodeBase.cpp">
      <Filter>Source</Filter>
    </ClCompile>
    <ClCompile Include="Source\GameSource\ScriptComponents\Enemy\BehaviorTree\BehaviorTree.cpp">
      <Filter>Source</Filter>
    </ClCompile>
    <ClCompile Include="Source\GameSource\ScriptComponents\Enemy\BehaviorTree\BehaviorData.cpp">
      <Filter>Source</Filter>
    </ClCompile>
    <ClCompile Include="Source\GameSource\ScriptComponents\Player\MovePlayer.cpp">
      <Filter>Source</Filter>
    </ClCompile>
    <ClCompile Include="Source\GameSource\ScriptComponents\Player\JustAvoidPlayer.cpp">
      <Filter>Source</Filter>
    </ClCompile>
    <ClCompile Include="External\DirectXTex\DDSTextureLoader.cpp">
      <Filter>Source</Filter>
    </ClCompile>
    <ClCompile Include="External\DirectXTex\DirectXHelpers.cpp">
      <Filter>Source</Filter>
    </ClCompile>
    <ClCompile Include="External\DirectXTex\pch.cpp">
      <Filter>Source</Filter>
    </ClCompile>
    <ClCompile Include="Source\GameSource\ScriptComponents\Weapon\SwordTrailCom.cpp">
      <Filter>Source</Filter>
    </ClCompile>
    <ClCompile Include="Source\GameSource\ScriptComponents\Enemy\EnemyNearCom.cpp">
      <Filter>Source</Filter>
    </ClCompile>
    <ClCompile Include="Source\GameSource\ScriptComponents\Enemy\EnemyFarCom.cpp">
      <Filter>Source</Filter>
    </ClCompile>
    <ClCompile Include="Source\GameSource\ScriptComponents\Enemy\EnemyManager.cpp">
      <Filter>Source</Filter>
    </ClCompile>
    <ClCompile Include="Source\GameSource\Stage\PathSearch.cpp">
      <Filter>Source</Filter>
    </ClCompile>
    <ClCompile Include="Source\GameSource\Math\easing.cpp">
      <Filter>Source</Filter>
    </ClCompile>
    <ClCompile Include="Source\Components\ParticleSystemCom.cpp">
      <Filter>Source</Filter>
    </ClCompile>
    <ClCompile Include="Source\Dialog.cpp">
      <Filter>Source</Filter>
    </ClCompile>
    <ClCompile Include="Source\Components\ParticleComManager.cpp">
      <Filter>Source</Filter>
    </ClCompile>
    <ClCompile Include="Source\GameSource\ScriptComponents\Player\PlayerWeapon\CandyPushCom.cpp">
      <Filter>Source</Filter>
    </ClCompile>
    <ClCompile Include="Source\Graphics\Shaders\3D\SilhoutteShader.cpp">
      <Filter>Source</Filter>
    </ClCompile>
    <ClCompile Include="Source\Graphics\Shaders\3D\ShadowMapCasterShader.cpp">
      <Filter>Source</Filter>
    </ClCompile>
    <ClCompile Include="Source\GameSource\ScriptComponents\Enemy\EnemyAppleNearCom.cpp">
      <Filter>Source</Filter>
    </ClCompile>
    <ClCompile Include="Source\GameSource\ScriptComponents\Enemy\EnemyGrapeFarCom.cpp">
      <Filter>Source</Filter>
    </ClCompile>
    <ClCompile Include="Source\GameSource\Scene\SceneResult.cpp">
      <Filter>Source</Filter>
    </ClCompile>
  </ItemGroup>
  <ItemGroup>
    <None Include="HLSL\Debugs\Debug.hlsli">
      <Filter>HLSL</Filter>
    </None>
    <None Include="HLSL\Debugs\Line.hlsli">
      <Filter>HLSL</Filter>
    </None>
    <None Include="HLSL\2D\Sprite.hlsli">
      <Filter>HLSL</Filter>
    </None>
    <None Include="HLSL\compute\Particle.hlsli">
      <Filter>HLSL\compute</Filter>
    </None>
    <None Include="HLSL\3D\Phong.hlsli">
      <Filter>HLSL</Filter>
    </None>
    <None Include="HLSL\3D\Lambert.hlsli">
      <Filter>HLSL</Filter>
    </None>
    <None Include="HLSL\3D\UnityChanToon.hlsli">
      <Filter>HLSL</Filter>
    </None>
    <None Include="HLSL\2D\PostEffect\FullScreen.hlsli">
      <Filter>HLSL</Filter>
    </None>
    <None Include="HLSL\noise.hlsli">
      <Filter>HLSL</Filter>
    </None>
    <None Include="HLSL\3D\SwordTrail.hlsli">
      <Filter>HLSL</Filter>
    </None>
    <None Include="HLSL\Rand.hlsli">
      <Filter>HLSL</Filter>
    </None>
    <None Include="HLSL\3D\ShadowMapCaster.hlsli">
      <Filter>HLSL</Filter>
    </None>
    <None Include="HLSL\3D\ShadowMapCasterFunctions.hlsli">
      <Filter>HLSL</Filter>
    </None>
  </ItemGroup>
  <ItemGroup>
    <FxCompile Include="HLSL\Debugs\DebugPS.hlsl">
      <Filter>HLSL</Filter>
    </FxCompile>
    <FxCompile Include="HLSL\Debugs\DebugVS.hlsl">
      <Filter>HLSL</Filter>
    </FxCompile>
    <FxCompile Include="HLSL\Debugs\LineVS.hlsl">
      <Filter>HLSL</Filter>
    </FxCompile>
    <FxCompile Include="HLSL\Debugs\LinePS.hlsl">
      <Filter>HLSL</Filter>
    </FxCompile>
    <FxCompile Include="HLSL\2D\SpriteVS.hlsl">
      <Filter>HLSL</Filter>
    </FxCompile>
    <FxCompile Include="HLSL\2D\SpritePS.hlsl">
      <Filter>HLSL</Filter>
    </FxCompile>
    <FxCompile Include="HLSL\compute\ParticleVS.hlsl">
      <Filter>HLSL\compute</Filter>
    </FxCompile>
    <FxCompile Include="HLSL\compute\ParticlePS.hlsl">
      <Filter>HLSL\compute</Filter>
    </FxCompile>
    <FxCompile Include="HLSL\compute\ParticleGS.hlsl">
      <Filter>HLSL\compute</Filter>
    </FxCompile>
    <FxCompile Include="HLSL\3D\PhongPS.hlsl">
      <Filter>HLSL</Filter>
    </FxCompile>
    <FxCompile Include="HLSL\3D\PhongVS.hlsl">
      <Filter>HLSL</Filter>
    </FxCompile>
    <FxCompile Include="HLSL\3D\LambertPS.hlsl">
      <Filter>HLSL</Filter>
    </FxCompile>
    <FxCompile Include="HLSL\3D\LambertVS.hlsl">
      <Filter>HLSL</Filter>
    </FxCompile>
    <FxCompile Include="HLSL\2D\PostEffect\ShaderPostVS.hlsl">
      <Filter>HLSL</Filter>
    </FxCompile>
    <FxCompile Include="HLSL\2D\PostEffect\PostEffect.hlsl">
      <Filter>HLSL</Filter>
    </FxCompile>
    <FxCompile Include="HLSL\2D\PostEffect\colorGrading.hlsl">
      <Filter>HLSL</Filter>
    </FxCompile>
    <FxCompile Include="HLSL\2D\PostEffect\GaussianBlur.hlsl">
      <Filter>HLSL</Filter>
    </FxCompile>
    <FxCompile Include="HLSL\2D\PostEffect\BloomExtract.hlsl">
      <Filter>HLSL</Filter>
    </FxCompile>
    <FxCompile Include="HLSL\2D\PostEffect\RenderPost.hlsl">
      <Filter>HLSL</Filter>
    </FxCompile>
    <FxCompile Include="HLSL\2D\PostEffect\BloomKawase.hlsl">
      <Filter>HLSL</Filter>
    </FxCompile>
    <FxCompile Include="HLSL\3D\UnityChanToonPS.hlsl">
      <Filter>HLSL</Filter>
    </FxCompile>
    <FxCompile Include="HLSL\3D\UnityChanToonVS.hlsl">
      <Filter>HLSL</Filter>
    </FxCompile>
    <FxCompile Include="HLSL\2D\PostEffect\Skymap.hlsl">
      <Filter>HLSL</Filter>
    </FxCompile>
    <FxCompile Include="HLSL\2D\PostEffect\FullScreenVS.hlsl">
      <Filter>HLSL</Filter>
    </FxCompile>
    <FxCompile Include="HLSL\2D\PostEffect\SunAtmosphere.hlsl">
      <Filter>HLSL</Filter>
    </FxCompile>
    <FxCompile Include="HLSL\3D\SwordTrailPS.hlsl">
      <Filter>HLSL</Filter>
    </FxCompile>
    <FxCompile Include="HLSL\3D\SwordTrailVS.hlsl">
      <Filter>HLSL</Filter>
    </FxCompile>
    <FxCompile Include="HLSL\compute\ParticleInitializeCS.hlsl">
      <Filter>HLSL</Filter>
    </FxCompile>
    <FxCompile Include="HLSL\compute\ParticleCS.hlsl">
      <Filter>HLSL</Filter>
    </FxCompile>
    <FxCompile Include="HLSL\3D\SilhouttePS.hlsl">
      <Filter>HLSL</Filter>
    </FxCompile>
    <FxCompile Include="HLSL\2D\PostEffect\MaskPost.hlsl">
      <Filter>HLSL</Filter>
    </FxCompile>
    <FxCompile Include="HLSL\3D\ShadowMapCasterVS.hlsl">
      <Filter>HLSL</Filter>
    </FxCompile>
    <FxCompile Include="HLSL\2D\PostEffect\RadialBlur.hlsl">
      <Filter>HLSL</Filter>
    </FxCompile>
  </ItemGroup>
</Project>